{
    "_meta": {
        "hash": {
            "sha256": "45ef213b79ad6d9b5ab8b422b98d8d10087b60c259d4d6f4f73175f157414aa2"
        },
        "pipfile-spec": 6,
        "requires": {
            "python_version": "3.9"
        },
        "sources": [
            {
                "name": "pypi",
                "url": "https://pypi.org/simple",
                "verify_ssl": true
            }
        ]
    },
    "default": {},
    "develop": {}
}
